
Microsoft Visual Studio Solution File, Format Version 12.00
# Visual Studio 14
VisualStudioVersion = 14.0.25420.1
MinimumVisualStudioVersion = 10.0.40219.1
Project("{8BB2217D-0F2D-49D1-97BC-3654ED321F3B}") = "AutoMapper.Extensions.Microsoft.DependencyInjection", "src\AutoMapper.Extensions.Microsoft.DependencyInjection\AutoMapper.Extensions.Microsoft.DependencyInjection.xproj", "{CD3BCC44-44C0-4A5A-9041-34B558A9FBF2}"
EndProject
Project("{8BB2217D-0F2D-49D1-97BC-3654ED321F3B}") = "AutoMapper.Extensions.Microsoft.DependencyInjection.Tests", "test\AutoMapper.Extensions.Microsoft.DependencyInjection.Tests\AutoMapper.Extensions.Microsoft.DependencyInjection.Tests.xproj", "{A93A7F85-292A-4130-891D-4307D3F60C30}"
EndProject
Project("{2150E333-8FDC-42A3-9474-1A3956D46DE8}") = "Build", "Build", "{1082ED20-13D1-444F-BAFD-17EFB9152981}"
	ProjectSection(SolutionItems) = preProject
		appveyor.yml = appveyor.yml
		Build.ps1 = Build.ps1
	EndProjectSection
EndProject
Project("{8BB2217D-0F2D-49D1-97BC-3654ED321F3B}") = "TestApp", "src\TestApp\TestApp.xproj", "{DE95F633-80B5-4248-A594-7FB357C8DAC9}"
EndProject
Project("{2150E333-8FDC-42A3-9474-1A3956D46DE8}") = "Console Applications", "Console Applications", "{64C7FAFF-369F-457E-9B39-E10CB45A4F3C}"
EndProject
Project("{2150E333-8FDC-42A3-9474-1A3956D46DE8}") = "Libraries", "Libraries", "{7AF0F7B0-DBDA-4BB7-A5B4-E7D95059C190}"
EndProject
Project("{2150E333-8FDC-42A3-9474-1A3956D46DE8}") = "Tests", "Tests", "{081E8575-0268-45D6-B0AD-75138E42116E}"
EndProject
Project("{8BB2217D-0F2D-49D1-97BC-3654ED321F3B}") = "AspNetCore.NetCore.WebApp", "src\AspNetCore.NetCore.WebApp\AspNetCore.NetCore.WebApp.xproj", "{358F8E8B-E32E-4983-8293-D3306E5E57E1}"
EndProject
Project("{8BB2217D-0F2D-49D1-97BC-3654ED321F3B}") = "Dna.NetCore.Core", "src\Dna.NetCore.Core\Dna.NetCore.Core.xproj", "{A79DC190-2F04-4AFE-AEC3-00A4A14C155F}"
EndProject
Project("{8BB2217D-0F2D-49D1-97BC-3654ED321F3B}") = "Dna.NetCore.Core.BLL", "src\Dna.NetCore.Core.BLL\Dna.NetCore.Core.BLL.xproj", "{145A4985-5AE4-41C6-BFC4-2E900E1F8504}"
EndProject
Project("{8BB2217D-0F2D-49D1-97BC-3654ED321F3B}") = "Dna.NetCore.Core.DAL.EFCore", "src\Dna.NetCore.Core.DAL.EFCore\Dna.NetCore.Core.DAL.EFCore.xproj", "{5C6E2F75-6656-4F3F-B062-8DE2779437B7}"
EndProject
Project("{8BB2217D-0F2D-49D1-97BC-3654ED321F3B}") = "Dna.NetCore.Core.DAL.AutoMapper", "src\Dna.NetCore.Core.DAL.AutoMapper\Dna.NetCore.Core.DAL.AutoMapper.xproj", "{8E085FBE-0CB9-49A7-A77C-DCD7DCB1CE0F}"
EndProject
Project("{2150E333-8FDC-42A3-9474-1A3956D46DE8}") = "Docs", "Docs", "{DBACBF80-35BA-4F4F-BC1D-F775FA2F8EB5}"
	ProjectSection(SolutionItems) = preProject
		description.md = description.md
	EndProjectSection
EndProject
Global
	GlobalSection(SolutionConfigurationPlatforms) = preSolution
		Debug|Any CPU = Debug|Any CPU
		Release|Any CPU = Release|Any CPU
	EndGlobalSection
	GlobalSection(ProjectConfigurationPlatforms) = postSolution
		{CD3BCC44-44C0-4A5A-9041-34B558A9FBF2}.Debug|Any CPU.ActiveCfg = Debug|Any CPU
		{CD3BCC44-44C0-4A5A-9041-34B558A9FBF2}.Debug|Any CPU.Build.0 = Debug|Any CPU
		{CD3BCC44-44C0-4A5A-9041-34B558A9FBF2}.Release|Any CPU.ActiveCfg = Release|Any CPU
		{CD3BCC44-44C0-4A5A-9041-34B558A9FBF2}.Release|Any CPU.Build.0 = Release|Any CPU
		{A93A7F85-292A-4130-891D-4307D3F60C30}.Debug|Any CPU.ActiveCfg = Debug|Any CPU
		{A93A7F85-292A-4130-891D-4307D3F60C30}.Debug|Any CPU.Build.0 = Debug|Any CPU
		{A93A7F85-292A-4130-891D-4307D3F60C30}.Release|Any CPU.ActiveCfg = Release|Any CPU
		{A93A7F85-292A-4130-891D-4307D3F60C30}.Release|Any CPU.Build.0 = Release|Any CPU
		{DE95F633-80B5-4248-A594-7FB357C8DAC9}.Debug|Any CPU.ActiveCfg = Debug|Any CPU
		{DE95F633-80B5-4248-A594-7FB357C8DAC9}.Debug|Any CPU.Build.0 = Debug|Any CPU
		{DE95F633-80B5-4248-A594-7FB357C8DAC9}.Release|Any CPU.ActiveCfg = Release|Any CPU
		{DE95F633-80B5-4248-A594-7FB357C8DAC9}.Release|Any CPU.Build.0 = Release|Any CPU
		{358F8E8B-E32E-4983-8293-D3306E5E57E1}.Debug|Any CPU.ActiveCfg = Debug|Any CPU
		{358F8E8B-E32E-4983-8293-D3306E5E57E1}.Debug|Any CPU.Build.0 = Debug|Any CPU
		{358F8E8B-E32E-4983-8293-D3306E5E57E1}.Release|Any CPU.ActiveCfg = Release|Any CPU
		{358F8E8B-E32E-4983-8293-D3306E5E57E1}.Release|Any CPU.Build.0 = Release|Any CPU
		{A79DC190-2F04-4AFE-AEC3-00A4A14C155F}.Debug|Any CPU.ActiveCfg = Debug|Any CPU
		{A79DC190-2F04-4AFE-AEC3-00A4A14C155F}.Debug|Any CPU.Build.0 = Debug|Any CPU
		{A79DC190-2F04-4AFE-AEC3-00A4A14C155F}.Release|Any CPU.ActiveCfg = Release|Any CPU
		{A79DC190-2F04-4AFE-AEC3-00A4A14C155F}.Release|Any CPU.Build.0 = Release|Any CPU
		{145A4985-5AE4-41C6-BFC4-2E900E1F8504}.Debug|Any CPU.ActiveCfg = Debug|Any CPU
		{145A4985-5AE4-41C6-BFC4-2E900E1F8504}.Debug|Any CPU.Build.0 = Debug|Any CPU
		{145A4985-5AE4-41C6-BFC4-2E900E1F8504}.Release|Any CPU.ActiveCfg = Release|Any CPU
		{145A4985-5AE4-41C6-BFC4-2E900E1F8504}.Release|Any CPU.Build.0 = Release|Any CPU
		{5C6E2F75-6656-4F3F-B062-8DE2779437B7}.Debug|Any CPU.ActiveCfg = Debug|Any CPU
		{5C6E2F75-6656-4F3F-B062-8DE2779437B7}.Debug|Any CPU.Build.0 = Debug|Any CPU
		{5C6E2F75-6656-4F3F-B062-8DE2779437B7}.Release|Any CPU.ActiveCfg = Release|Any CPU
		{5C6E2F75-6656-4F3F-B062-8DE2779437B7}.Release|Any CPU.Build.0 = Release|Any CPU
		{8E085FBE-0CB9-49A7-A77C-DCD7DCB1CE0F}.Debug|Any CPU.ActiveCfg = Debug|Any CPU
		{8E085FBE-0CB9-49A7-A77C-DCD7DCB1CE0F}.Debug|Any CPU.Build.0 = Debug|Any CPU
		{8E085FBE-0CB9-49A7-A77C-DCD7DCB1CE0F}.Release|Any CPU.ActiveCfg = Release|Any CPU
		{8E085FBE-0CB9-49A7-A77C-DCD7DCB1CE0F}.Release|Any CPU.Build.0 = Release|Any CPU
	EndGlobalSection
	GlobalSection(SolutionProperties) = preSolution
		HideSolutionNode = FALSE
	EndGlobalSection
	GlobalSection(NestedProjects) = preSolution
		{CD3BCC44-44C0-4A5A-9041-34B558A9FBF2} = {7AF0F7B0-DBDA-4BB7-A5B4-E7D95059C190}
		{A93A7F85-292A-4130-891D-4307D3F60C30} = {081E8575-0268-45D6-B0AD-75138E42116E}
		{DE95F633-80B5-4248-A594-7FB357C8DAC9} = {64C7FAFF-369F-457E-9B39-E10CB45A4F3C}
		{358F8E8B-E32E-4983-8293-D3306E5E57E1} = {64C7FAFF-369F-457E-9B39-E10CB45A4F3C}
		{A79DC190-2F04-4AFE-AEC3-00A4A14C155F} = {7AF0F7B0-DBDA-4BB7-A5B4-E7D95059C190}
		{145A4985-5AE4-41C6-BFC4-2E900E1F8504} = {7AF0F7B0-DBDA-4BB7-A5B4-E7D95059C190}
		{5C6E2F75-6656-4F3F-B062-8DE2779437B7} = {7AF0F7B0-DBDA-4BB7-A5B4-E7D95059C190}
		{8E085FBE-0CB9-49A7-A77C-DCD7DCB1CE0F} = {7AF0F7B0-DBDA-4BB7-A5B4-E7D95059C190}
	EndGlobalSection
EndGlobal
